{
  "version": 4,
  "terraform_version": "1.7.4",
  "serial": 15,
  "lineage": "6131d97d-1630-f9bd-fa2c-904c5be768ed",
  "outputs": {},
  "resources": [
    {
      "mode": "managed",
      "type": "google_container_cluster",
      "name": "primary",
      "provider": "provider[\"registry.terraform.io/hashicorp/google\"]",
      "instances": [
        {
          "schema_version": 2,
          "attributes": {
            "addons_config": [
              {
                "cloudrun_config": [],
                "config_connector_config": [],
                "dns_cache_config": [],
                "gce_persistent_disk_csi_driver_config": [
                  {
                    "enabled": true
                  }
                ],
                "gcp_filestore_csi_driver_config": [],
                "gcs_fuse_csi_driver_config": [],
                "gke_backup_agent_config": [],
                "horizontal_pod_autoscaling": [],
                "http_load_balancing": [],
                "network_policy_config": [
                  {
                    "disabled": true
                  }
                ]
              }
            ],
            "allow_net_admin": null,
            "authenticator_groups_config": [],
            "binary_authorization": [
              {
                "enabled": false,
                "evaluation_mode": ""
              }
            ],
            "cluster_autoscaling": [
              {
                "auto_provisioning_defaults": [],
                "autoscaling_profile": "BALANCED",
                "enabled": false,
                "resource_limits": []
              }
            ],
            "cluster_ipv4_cidr": "10.120.0.0/14",
            "confidential_nodes": [],
            "cost_management_config": [],
            "database_encryption": [
              {
                "key_name": "",
                "state": "DECRYPTED"
              }
            ],
            "datapath_provider": "",
            "default_max_pods_per_node": 110,
            "default_snat_status": [
              {
                "disabled": false
              }
            ],
            "deletion_protection": true,
            "description": "",
            "dns_config": [],
            "enable_autopilot": false,
            "enable_intranode_visibility": false,
            "enable_k8s_beta_apis": [],
            "enable_kubernetes_alpha": false,
            "enable_l4_ilb_subsetting": false,
            "enable_legacy_abac": false,
            "enable_shielded_nodes": true,
            "enable_tpu": false,
            "endpoint": "35.193.187.63",
            "fleet": [],
            "gateway_api_config": [],
            "id": "projects/csci-5409-w24/locations/us-central1-c/clusters/kubernetes-cluster",
            "identity_service_config": [],
            "initial_node_count": 1,
            "ip_allocation_policy": [
              {
                "additional_pod_ranges_config": [],
                "cluster_ipv4_cidr_block": "10.120.0.0/14",
                "cluster_secondary_range_name": "gke-kubernetes-cluster-pods-51869a14",
                "pod_cidr_overprovision_config": [
                  {
                    "disabled": false
                  }
                ],
                "services_ipv4_cidr_block": "10.72.16.0/20",
                "services_secondary_range_name": "gke-kubernetes-cluster-services-51869a14",
                "stack_type": "IPV4"
              }
            ],
            "label_fingerprint": "a9dc16a7",
            "location": "us-central1-c",
            "logging_config": [
              {
                "enable_components": [
                  "SYSTEM_COMPONENTS",
                  "WORKLOADS"
                ]
              }
            ],
            "logging_service": "logging.googleapis.com/kubernetes",
            "maintenance_policy": [],
            "master_auth": [
              {
                "client_certificate": "",
                "client_certificate_config": [
                  {
                    "issue_client_certificate": false
                  }
                ],
                "client_key": "",
                "cluster_ca_certificate": "LS0tLS1CRUdJTiBDRVJUSUZJQ0FURS0tLS0tCk1JSUVMVENDQXBXZ0F3SUJBZ0lSQU52U3JBVXZ5QU5LZXdwQklvL3A4Q013RFFZSktvWklodmNOQVFFTEJRQXcKTHpFdE1Dc0dBMVVFQXhNa1l6YzNZMlptWW1ZdE1UUmhZUzAwWlRFNExXSXdPRFV0Tm1KalpERmpabUV3TkRZNApNQ0FYRFRJME1ETXhOakUxTWpBME0xb1lEekl3TlRRd016QTVNVFl5TURReldqQXZNUzB3S3dZRFZRUURFeVJqCk56ZGpabVppWmkweE5HRmhMVFJsTVRndFlqQTROUzAyWW1Oa01XTm1ZVEEwTmpnd2dnR2lNQTBHQ1NxR1NJYjMKRFFFQkFRVUFBNElCandBd2dnR0tBb0lCZ1FDWEx4VDVoMVIvVFRmRE13eGRPYStlTkdtK0kyTE5rY1g0QlNNdgovNGllZ09KR0VLdGJnR012MzFJQ3oxWjhUbklGNTdKYVpaY2ZVOGJ1a0U5OE0rYUlBVXBEV3RMWUF2WHd5L2FWCnNqWG5GdHN3L2d5TlR4d2VRNlVxTGphQnhxNHQ2ZzFacG90T0hHbnkwTjJSaHBYMFB3RFkwdEZGV01XOWZLUUMKRXp2engxWUJjYmhyb1JnR1lleTY1RWpuZ0tldmwzNHhidGRSWmErS3poT05OSjZRaWR0bno4V1RiOUVBZmhwdQpBTHc1blZlTFUwSnN2TEFsZ0tSNUx3aEpVa1drMmRBYThrNVo2aXVicDBiSTZaWEdJN2M5dFBzSzd0d1E1d2pNCjI0TWVIeTNhaDhiczNMUHdOR0Y0VFFKcU5iQ3VockFabXBwQlFZZmtvZ0h1Q0Ztd0Nac3NzNldIMjJDUE1lU0YKdGRxU3hWVTI1RXJuUjRkcG1BNGpZUkthdURBdXIxUEZoNkRLWGxZeXZmZzluRUdKSlJwT2VuamMxd2toMW5OZApjRGlmODRxeDVBRHpvUUMvNmEvVEhvYUJEQ1hSYlhEc1diTWN0UlFQMXdMMUlYOVd1K0s3RXEyUHdSdEN1N2VLCjFwcUM0M0cyZDhsbHBXS0ozeWJEVzljRnJwOENBd0VBQWFOQ01FQXdEZ1lEVlIwUEFRSC9CQVFEQWdJRU1BOEcKQTFVZEV3RUIvd1FGTUFNQkFmOHdIUVlEVlIwT0JCWUVGTnFJeXE4OFNDZXVSSTJFRGkvaHpBWU1YdVV0TUEwRwpDU3FHU0liM0RRRUJDd1VBQTRJQmdRQmhFM2lTZGx2M1ROMXltSjBLQUJYMTRFdmR6VnFwZWZNSWp5TmQ3b0JuCllGdXlPZWVqZWRrV0NTYnhIN0xuTmJLQ2lMTzVoVHlaVVhwZmRndzFiVHlpbHBFSHg5WDR3RGdXdGZLWi9ac2wKWkpuTzM3Y2pWQ3UxTjJOWkRSVWxVYXlOTjVCTXovMDdmWC85TzlBTmtLODJHK2ZhMmFvcWszN29BWGhQVWdGcgo1RHFTd3JtdnE4elAyNHk2bXZaRGdMWUprT094dkdyV2N0MTBacWJtT3B2SzQvS3ZLQXViR2pISkEzcjhYL21SCk5SNEJzQzkrWXUrN2NhUTVNSTZWK09NcXU3YUhQK2lMeFB3eFdSek1BUU5VQjBobnZkMWhNRmNXdnh5aTZrU2MKOUVRTUpSbHpwR2F4KzlwVkpRUVFmOEVHVDJ0UTlVbnk1TkFJTTdUSDE0VWhxMEFwbXNIdjJMRW5lY01VWHBBTQpGdkNCQU85L0lvRHlQdmYxZDZrdE1udlR0d0xGdy9qZlBnTHZycjhSdGFQdUdkU2VhQUpQS3RXN1ZXMVc2R0tICldBTk1GK290RWFSN01xaTl5dWgxVXUzQjh3WDVpUzJpQ0VhUnZsR09xaHhReGVUcWIrMTlRaUsrWnErTDhhSnMKR1dqQ0lzTWIvWTRlRFRxa0sxTEcyemc9Ci0tLS0tRU5EIENFUlRJRklDQVRFLS0tLS0K"
              }
            ],
            "master_authorized_networks_config": [],
            "master_version": "1.27.8-gke.1067004",
            "mesh_certificates": [],
            "min_master_version": null,
            "monitoring_config": [
              {
                "advanced_datapath_observability_config": [
                  {
                    "enable_metrics": false,
                    "enable_relay": false,
                    "relay_mode": "DISABLED"
                  }
                ],
                "enable_components": [
                  "SYSTEM_COMPONENTS"
                ],
                "managed_prometheus": [
                  {
                    "enabled": true
                  }
                ]
              }
            ],
            "monitoring_service": "monitoring.googleapis.com/kubernetes",
            "name": "kubernetes-cluster",
            "network": "projects/csci-5409-w24/global/networks/default",
            "network_policy": [
              {
                "enabled": false,
                "provider": "PROVIDER_UNSPECIFIED"
              }
            ],
            "networking_mode": "VPC_NATIVE",
            "node_config": [],
            "node_locations": [],
            "node_pool": [],
            "node_pool_auto_config": [],
            "node_pool_defaults": [
              {
                "node_config_defaults": [
                  {
                    "logging_variant": "DEFAULT"
                  }
                ]
              }
            ],
            "node_version": "1.27.8-gke.1067004",
            "notification_config": [
              {
                "pubsub": [
                  {
                    "enabled": false,
                    "filter": [],
                    "topic": ""
                  }
                ]
              }
            ],
            "operation": null,
            "private_cluster_config": [
              {
                "enable_private_endpoint": false,
                "enable_private_nodes": false,
                "master_global_access_config": [
                  {
                    "enabled": false
                  }
                ],
                "master_ipv4_cidr_block": "",
                "peering_name": "",
                "private_endpoint": "10.128.0.20",
                "private_endpoint_subnetwork": "",
                "public_endpoint": "35.193.187.63"
              }
            ],
            "private_ipv6_google_access": "",
            "project": "csci-5409-w24",
            "release_channel": [
              {
                "channel": "REGULAR"
              }
            ],
            "remove_default_node_pool": true,
            "resource_labels": null,
            "resource_usage_export_config": [],
            "security_posture_config": [
              {
                "mode": "BASIC",
                "vulnerability_mode": "VULNERABILITY_MODE_UNSPECIFIED"
              }
            ],
            "self_link": "https://container.googleapis.com/v1/projects/csci-5409-w24/zones/us-central1-c/clusters/kubernetes-cluster",
            "service_external_ips_config": [
              {
                "enabled": false
              }
            ],
            "services_ipv4_cidr": "10.72.16.0/20",
            "subnetwork": "projects/csci-5409-w24/regions/us-central1/subnetworks/default",
            "timeouts": null,
            "tpu_ipv4_cidr_block": "",
            "vertical_pod_autoscaling": [],
            "workload_identity_config": []
          },
          "sensitive_attributes": [],
          "private": "eyJlMmJmYjczMC1lY2FhLTExZTYtOGY4OC0zNDM2M2JjN2M0YzAiOnsiY3JlYXRlIjoyNDAwMDAwMDAwMDAwLCJkZWxldGUiOjI0MDAwMDAwMDAwMDAsInJlYWQiOjI0MDAwMDAwMDAwMDAsInVwZGF0ZSI6MzYwMDAwMDAwMDAwMH0sInNjaGVtYV92ZXJzaW9uIjoiMiJ9"
        }
      ]
    },
    {
      "mode": "managed",
      "type": "google_container_node_pool",
      "name": "primary_nodes",
      "provider": "provider[\"registry.terraform.io/hashicorp/google\"]",
      "instances": [
        {
          "schema_version": 1,
          "attributes": {
            "autoscaling": [],
            "cluster": "kubernetes-cluster",
            "id": "projects/csci-5409-w24/locations/us-central1-c/clusters/kubernetes-cluster/nodePools/default-pool",
            "initial_node_count": 1,
            "instance_group_urls": [
              "https://www.googleapis.com/compute/v1/projects/csci-5409-w24/zones/us-central1-c/instanceGroupManagers/gke-kubernetes-cluster-default-pool-8201fc62-grp"
            ],
            "location": "us-central1-c",
            "managed_instance_group_urls": [
              "https://www.googleapis.com/compute/v1/projects/csci-5409-w24/zones/us-central1-c/instanceGroups/gke-kubernetes-cluster-default-pool-8201fc62-grp"
            ],
            "management": [
              {
                "auto_repair": true,
                "auto_upgrade": true
              }
            ],
            "max_pods_per_node": 110,
            "name": "default-pool",
            "name_prefix": "",
            "network_config": [
              {
                "create_pod_range": false,
                "enable_private_nodes": false,
                "network_performance_config": [],
                "pod_cidr_overprovision_config": [],
                "pod_ipv4_cidr_block": "10.120.0.0/14",
                "pod_range": "gke-kubernetes-cluster-pods-51869a14"
              }
            ],
            "node_config": [
              {
                "advanced_machine_features": [],
                "boot_disk_kms_key": "",
                "confidential_nodes": [],
                "disk_size_gb": 10,
                "disk_type": "pd-standard",
                "effective_taints": [],
                "ephemeral_storage_local_ssd_config": [],
                "fast_socket": [],
                "gcfs_config": [],
                "guest_accelerator": [],
                "gvnic": [],
                "host_maintenance_policy": [],
                "image_type": "COS_CONTAINERD",
                "kubelet_config": [],
                "labels": {},
                "linux_node_config": [],
                "local_nvme_ssd_block_config": [],
                "local_ssd_count": 0,
                "logging_variant": "DEFAULT",
                "machine_type": "e2-medium",
                "metadata": {
                  "disable-legacy-endpoints": "true"
                },
                "min_cpu_platform": "",
                "node_group": "",
                "oauth_scopes": [
                  "https://www.googleapis.com/auth/devstorage.read_only",
                  "https://www.googleapis.com/auth/logging.write",
                  "https://www.googleapis.com/auth/monitoring",
                  "https://www.googleapis.com/auth/service.management.readonly",
                  "https://www.googleapis.com/auth/servicecontrol",
                  "https://www.googleapis.com/auth/trace.append"
                ],
                "preemptible": false,
                "reservation_affinity": [],
                "resource_labels": null,
                "service_account": "default",
                "shielded_instance_config": [
                  {
                    "enable_integrity_monitoring": true,
                    "enable_secure_boot": false
                  }
                ],
                "sole_tenant_config": [],
                "spot": false,
                "tags": null,
                "taint": [],
                "workload_metadata_config": []
              }
            ],
            "node_count": 1,
            "node_locations": [
              "us-central1-c"
            ],
            "operation": null,
            "placement_policy": [],
            "project": "csci-5409-w24",
            "timeouts": null,
            "upgrade_settings": [
              {
                "blue_green_settings": [],
                "max_surge": 1,
                "max_unavailable": 0,
                "strategy": "SURGE"
              }
            ],
            "version": "1.27.8-gke.1067004"
          },
          "sensitive_attributes": [],
          "private": "eyJlMmJmYjczMC1lY2FhLTExZTYtOGY4OC0zNDM2M2JjN2M0YzAiOnsiY3JlYXRlIjoxODAwMDAwMDAwMDAwLCJkZWxldGUiOjE4MDAwMDAwMDAwMDAsInVwZGF0ZSI6MTgwMDAwMDAwMDAwMH0sInNjaGVtYV92ZXJzaW9uIjoiMSJ9",
          "dependencies": [
            "google_container_cluster.primary"
          ]
        }
      ]
    }
  ],
  "check_results": null
}
